# This file is autogenerated, do not edit; changes may be undone by the next 'dep ensure'.


[[projects]]
  name = "github.com/google/uuid"
  packages = ["."]
  revision = "d460ce9f8df2e77fb1ba55ca87fafed96c607494"
  version = "v1.0.0"

[[projects]]
  name = "github.com/hashicorp/errwrap"
  packages = ["."]
  revision = "8a6fb523712970c966eefc6b39ed2c5e74880354"
  version = "v1.0.0"

[[projects]]
  name = "github.com/hashicorp/go-multierror"
  packages = ["."]
  revision = "886a7fbe3eb1c874d46f623bfa70af45f425b3d1"
  version = "v1.0.0"

[[projects]]
  branch = "master"
  name = "golang.org/x/crypto"
  packages = ["ssh/terminal"]
  revision = "0c41d7ab0a0ee717d4590a44bcb987dfd9e183eb"

[[projects]]
  branch = "master"
  name = "golang.org/x/sys"
  packages = [
    "unix",
    "windows"
  ]
  revision = "8e24a49d80f82323e1c4db1b5da3e0f31171a151"

[solve-meta]
  analyzer-name = "dep"
  analyzer-version = 1
  inputs-digest = "f7b52666be1c9ddf58dca9a3ca406cd128f6e820bd3afc5bbbb139a396c7ff1f"
  solver-name = "gps-cdcl"
  solver-version = 1
